
Microsoft Visual Studio Solution File, Format Version 12.00
# Visual Studio Version 17
VisualStudioVersion = 17.4.33205.214
MinimumVisualStudioVersion = 10.0.40219.1
Project("{FAE04EC0-301F-11D3-BF4B-00C04F79EFBC}") = "MasterFinalProjectAdmin", "MasterFinalProjectAdmin\MasterFinalProjectAdmin.csproj", "{1A7B281D-E436-4ABC-9F7F-D03F1A125B74}"
EndProject
Global
	GlobalSection(SolutionConfigurationPlatforms) = preSolution
		Debug|Any CPU = Debug|Any CPU
		Release|Any CPU = Release|Any CPU
	EndGlobalSection
	GlobalSection(ProjectConfigurationPlatforms) = postSolution
		{1A7B281D-E436-4ABC-9F7F-D03F1A125B74}.Debug|Any CPU.ActiveCfg = Debug|Any CPU
		{1A7B281D-E436-4ABC-9F7F-D03F1A125B74}.Debug|Any CPU.Build.0 = Debug|Any CPU
		{1A7B281D-E436-4ABC-9F7F-D03F1A125B74}.Release|Any CPU.ActiveCfg = Release|Any CPU
		{1A7B281D-E436-4ABC-9F7F-D03F1A125B74}.Release|Any CPU.Build.0 = Release|Any CPU
	EndGlobalSection
	GlobalSection(SolutionProperties) = preSolution
		HideSolutionNode = FALSE
	EndGlobalSection
	GlobalSection(ExtensibilityGlobals) = postSolution
		SolutionGuid = {4E3A15DD-DEEF-4B87-9F7D-567E518F72A4}
	EndGlobalSection
EndGlobal
